
Microsoft Visual Studio Solution File, Format Version 12.00
# Visual Studio Version 17
VisualStudioVersion = 17.13.35931.197 d17.13
MinimumVisualStudioVersion = 10.0.40219.1
Project("{FAE04EC0-301F-11D3-BF4B-00C04F79EFBC}") = "ConsoleAppWithEF", "ConsoleAppWithEF.csproj", "{BA1811E8-EC95-4F08-A95A-B58B62FE252E}"
EndProject
Global
	GlobalSection(SolutionConfigurationPlatforms) = preSolution
		Debug|Any CPU = Debug|Any CPU
		Release|Any CPU = Release|Any CPU
	EndGlobalSection
	GlobalSection(ProjectConfigurationPlatforms) = postSolution
		{BA1811E8-EC95-4F08-A95A-B58B62FE252E}.Debug|Any CPU.ActiveCfg = Debug|Any CPU
		{BA1811E8-EC95-4F08-A95A-B58B62FE252E}.Debug|Any CPU.Build.0 = Debug|Any CPU
		{BA1811E8-EC95-4F08-A95A-B58B62FE252E}.Release|Any CPU.ActiveCfg = Release|Any CPU
		{BA1811E8-EC95-4F08-A95A-B58B62FE252E}.Release|Any CPU.Build.0 = Release|Any CPU
	EndGlobalSection
	GlobalSection(SolutionProperties) = preSolution
		HideSolutionNode = FALSE
	EndGlobalSection
	GlobalSection(ExtensibilityGlobals) = postSolution
		SolutionGuid = {34126368-2F4E-4EF2-A645-32282D78FAB1}
	EndGlobalSection
EndGlobal
